
Microsoft Visual Studio Solution File, Format Version 12.00
# Visual Studio 15
VisualStudioVersion = 15.0.28307.271
MinimumVisualStudioVersion = 10.0.40219.1
Project("{FAE04EC0-301F-11D3-BF4B-00C04F79EFBC}") = "CeasarVerschluesselung", "CeasarVerschluesselung.csproj", "{FE3F4841-10A9-48F0-B9E2-9A2DB2C49154}"
EndProject
Global
	GlobalSection(SolutionConfigurationPlatforms) = preSolution
		Debug|Any CPU = Debug|Any CPU
		Release|Any CPU = Release|Any CPU
	EndGlobalSection
	GlobalSection(ProjectConfigurationPlatforms) = postSolution
		{FE3F4841-10A9-48F0-B9E2-9A2DB2C49154}.Debug|Any CPU.ActiveCfg = Debug|Any CPU
		{FE3F4841-10A9-48F0-B9E2-9A2DB2C49154}.Debug|Any CPU.Build.0 = Debug|Any CPU
		{FE3F4841-10A9-48F0-B9E2-9A2DB2C49154}.Release|Any CPU.ActiveCfg = Release|Any CPU
		{FE3F4841-10A9-48F0-B9E2-9A2DB2C49154}.Release|Any CPU.Build.0 = Release|Any CPU
	EndGlobalSection
	GlobalSection(SolutionProperties) = preSolution
		HideSolutionNode = FALSE
	EndGlobalSection
	GlobalSection(ExtensibilityGlobals) = postSolution
		SolutionGuid = {AA0971C9-40F7-4C77-BDF5-852F31786F68}
	EndGlobalSection
EndGlobal
